
Microsoft Visual Studio Solution File, Format Version 12.00
# Visual Studio Version 17
VisualStudioVersion = 17.14.36717.8 d17.14
MinimumVisualStudioVersion = 10.0.40219.1
Project("{8BC9CEB8-8B4A-11D0-8D11-00A0C91BC942}") = "문자열 옮기기", "문자열 옮기기\문자열 옮기기.vcxproj", "{205C6291-6254-4098-B935-46F41366727B}"
EndProject
Global
	GlobalSection(SolutionConfigurationPlatforms) = preSolution
		Debug|x64 = Debug|x64
		Debug|x86 = Debug|x86
		Release|x64 = Release|x64
		Release|x86 = Release|x86
	EndGlobalSection
	GlobalSection(ProjectConfigurationPlatforms) = postSolution
		{205C6291-6254-4098-B935-46F41366727B}.Debug|x64.ActiveCfg = Debug|x64
		{205C6291-6254-4098-B935-46F41366727B}.Debug|x64.Build.0 = Debug|x64
		{205C6291-6254-4098-B935-46F41366727B}.Debug|x86.ActiveCfg = Debug|Win32
		{205C6291-6254-4098-B935-46F41366727B}.Debug|x86.Build.0 = Debug|Win32
		{205C6291-6254-4098-B935-46F41366727B}.Release|x64.ActiveCfg = Release|x64
		{205C6291-6254-4098-B935-46F41366727B}.Release|x64.Build.0 = Release|x64
		{205C6291-6254-4098-B935-46F41366727B}.Release|x86.ActiveCfg = Release|Win32
		{205C6291-6254-4098-B935-46F41366727B}.Release|x86.Build.0 = Release|Win32
	EndGlobalSection
	GlobalSection(SolutionProperties) = preSolution
		HideSolutionNode = FALSE
	EndGlobalSection
	GlobalSection(ExtensibilityGlobals) = postSolution
		SolutionGuid = {42DA0E50-FB64-40A8-B4AE-2081821C4C93}
	EndGlobalSection
EndGlobal
